
Microsoft Visual Studio Solution File, Format Version 12.00
# Visual Studio Version 16
VisualStudioVersion = 16.0.31624.102
MinimumVisualStudioVersion = 10.0.40219.1
Project("{FAE04EC0-301F-11D3-BF4B-00C04F79EFBC}") = "reswithmvc", "reswithmvc.csproj", "{B90B449D-7192-4D15-9251-3E432FF0709E}"
EndProject
Global
	GlobalSection(SolutionConfigurationPlatforms) = preSolution
		Debug|Any CPU = Debug|Any CPU
		Release|Any CPU = Release|Any CPU
	EndGlobalSection
	GlobalSection(ProjectConfigurationPlatforms) = postSolution
		{B90B449D-7192-4D15-9251-3E432FF0709E}.Debug|Any CPU.ActiveCfg = Debug|Any CPU
		{B90B449D-7192-4D15-9251-3E432FF0709E}.Debug|Any CPU.Build.0 = Debug|Any CPU
		{B90B449D-7192-4D15-9251-3E432FF0709E}.Release|Any CPU.ActiveCfg = Release|Any CPU
		{B90B449D-7192-4D15-9251-3E432FF0709E}.Release|Any CPU.Build.0 = Release|Any CPU
	EndGlobalSection
	GlobalSection(SolutionProperties) = preSolution
		HideSolutionNode = FALSE
	EndGlobalSection
	GlobalSection(ExtensibilityGlobals) = postSolution
		SolutionGuid = {5F1F7E7A-5C26-485F-9DE8-23D593FCD60E}
	EndGlobalSection
EndGlobal
